
Microsoft Visual Studio Solution File, Format Version 12.00
# Visual Studio Version 16
VisualStudioVersion = 16.0.34114.132
MinimumVisualStudioVersion = 10.0.40219.1
Project("{FAE04EC0-301F-11D3-BF4B-00C04F79EFBC}") = "Tyuiu.MelehovAG.Sprint5.Task0.V0", "Tyuiu.MelehovAG.Sprint5.Task0.V0\Tyuiu.MelehovAG.Sprint5.Task0.V0.csproj", "{7B6E858D-46B3-469D-AE6F-D38B86060CFE}"
EndProject
Project("{FAE04EC0-301F-11D3-BF4B-00C04F79EFBC}") = "Tyuiu.MelehovAG.Sprint5.Task0.V0.Lib", "Tyuiu.MelehovAG.Sprint5.Task0.V0.Lib\Tyuiu.MelehovAG.Sprint5.Task0.V0.Lib.csproj", "{1386840B-EB35-4846-AE5C-8770ABDD1248}"
EndProject
Project("{FAE04EC0-301F-11D3-BF4B-00C04F79EFBC}") = "Tyuiu.MelehovAG.Sprint5.Task0.V0.Test", "Tyuiu.MelehovAG.Sprint5.Task0.V0.Test\Tyuiu.MelehovAG.Sprint5.Task0.V0.Test.csproj", "{D6D0CA64-D3EE-43C0-8964-B13926FA2780}"
EndProject
Project("{2150E333-8FDC-42A3-9474-1A3956D46DE8}") = "Task1", "Task1", "{ABC69E28-8BCC-4575-BE03-63772C21D4DF}"
EndProject
Project("{2150E333-8FDC-42A3-9474-1A3956D46DE8}") = "Task0", "Task0", "{C4C069AF-6881-4DA3-A810-8710668B3794}"
EndProject
Project("{2150E333-8FDC-42A3-9474-1A3956D46DE8}") = "Task2", "Task2", "{74A0643F-8F80-4852-A56A-30EA2F0C5D92}"
EndProject
Project("{2150E333-8FDC-42A3-9474-1A3956D46DE8}") = "Task3", "Task3", "{81A646E5-6C33-470A-A7F7-BB6C92F2A901}"
EndProject
Project("{FAE04EC0-301F-11D3-BF4B-00C04F79EFBC}") = "Tyuiu.MelehovAG.Sprint5.Task1.V0", "Tyuiu.MelehovAG.Sprint5.Task1.V0\Tyuiu.MelehovAG.Sprint5.Task1.V0.csproj", "{0BBEF77C-F79C-473A-9545-7E9778419319}"
EndProject
Project("{FAE04EC0-301F-11D3-BF4B-00C04F79EFBC}") = "Tyuiu.MelehovAG.Sprint5.Task1.V0.Lib", "Tyuiu.MelehovAG.Sprint5.Task1.V0.Lib\Tyuiu.MelehovAG.Sprint5.Task1.V0.Lib.csproj", "{4A3D6439-66E6-48FA-8EE5-02FB8536D74D}"
EndProject
Project("{FAE04EC0-301F-11D3-BF4B-00C04F79EFBC}") = "Tyuiu.MelehovAG.Sprint5.Task1.V0.Test", "Tyuiu.MelehovAG.Sprint5.Task1.V0.Test\Tyuiu.MelehovAG.Sprint5.Task1.V0.Test.csproj", "{B21CDE08-3B3F-49E2-96BC-24E970425474}"
EndProject
Project("{FAE04EC0-301F-11D3-BF4B-00C04F79EFBC}") = "Tyuiu.MelehovAG.Sprint5.Task2.V0", "Tyuiu.MelehovAG.Sprint5.Task2.V0\Tyuiu.MelehovAG.Sprint5.Task2.V0.csproj", "{9846F9A7-A977-454D-8443-9D0CAE64DBAB}"
EndProject
Project("{FAE04EC0-301F-11D3-BF4B-00C04F79EFBC}") = "Tyuiu.MelehovAG.Sprint5.Task2.V0.Lib", "Tyuiu.MelehovAG.Sprint5.Task2.V0.Lib\Tyuiu.MelehovAG.Sprint5.Task2.V0.Lib.csproj", "{C00D6B56-1D2C-4AB7-A6B2-337EC3F095BE}"
EndProject
Project("{FAE04EC0-301F-11D3-BF4B-00C04F79EFBC}") = "Tyuiu.MelehovAG.Sprint5.Task2.V0.Test", "Tyuiu.MelehovAG.Sprint5.Task2.V0.Test\Tyuiu.MelehovAG.Sprint5.Task2.V0.Test.csproj", "{2B90D647-DC2B-4F19-8DF0-5AAC3F027809}"
EndProject
Project("{FAE04EC0-301F-11D3-BF4B-00C04F79EFBC}") = "Tyuiu.MelehovAG.Sprint5.Task3.V0", "Tyuiu.MelehovAG.Sprint5.Task3.V0\Tyuiu.MelehovAG.Sprint5.Task3.V0.csproj", "{DE05AD27-48E7-48F7-844B-DE3B9862159D}"
EndProject
Project("{FAE04EC0-301F-11D3-BF4B-00C04F79EFBC}") = "Tyuiu.MelehovAG.Sprint5.Task3.V0.Lib", "Tyuiu.MelehovAG.Sprint5.Task3.V0.Lib\Tyuiu.MelehovAG.Sprint5.Task3.V0.Lib.csproj", "{27FC1AFD-4AAB-40D8-89B9-F31499565A67}"
EndProject
Project("{FAE04EC0-301F-11D3-BF4B-00C04F79EFBC}") = "Tyuiu.MelehovAG.Sprint5.Task3.V0.Test", "Tyuiu.MelehovAG.Sprint5.Task3.V0.Test\Tyuiu.MelehovAG.Sprint5.Task3.V0.Test.csproj", "{85E1F84E-524C-48C1-BA4F-D4AB2529A7FA}"
EndProject
Project("{2150E333-8FDC-42A3-9474-1A3956D46DE8}") = "Task4", "Task4", "{661CCABA-869E-499A-AA18-C7CBE165B52D}"
EndProject
Project("{2150E333-8FDC-42A3-9474-1A3956D46DE8}") = "Task5", "Task5", "{2D35AB89-AF7C-404E-AFD2-58411F55019B}"
EndProject
Project("{2150E333-8FDC-42A3-9474-1A3956D46DE8}") = "Task6", "Task6", "{9210CAC2-343A-4C04-AC57-7C079B7AEDB3}"
EndProject
Project("{2150E333-8FDC-42A3-9474-1A3956D46DE8}") = "Task7", "Task7", "{62D81741-2312-49F7-BBE1-15B2B6D4AA73}"
EndProject
Project("{FAE04EC0-301F-11D3-BF4B-00C04F79EFBC}") = "Tyuiu.MelehovAG.Sprint5.Task4.V0", "Tyuiu.MelehovAG.Sprint5.Task4.V0\Tyuiu.MelehovAG.Sprint5.Task4.V0.csproj", "{9EFAA50C-984D-4B1E-8B38-4454395257A9}"
EndProject
Project("{FAE04EC0-301F-11D3-BF4B-00C04F79EFBC}") = "Tyuiu.MelehovAG.Sprint5.Task4.V0.Lib", "Tyuiu.MelehovAG.Sprint5.Task4.V0.Lib\Tyuiu.MelehovAG.Sprint5.Task4.V0.Lib.csproj", "{D40073E7-AE08-4495-A7DC-FC69BAB90337}"
EndProject
Project("{FAE04EC0-301F-11D3-BF4B-00C04F79EFBC}") = "Tyuiu.MelehovAG.Sprint5.Task4.V0.Test", "Tyuiu.MelehovAG.Sprint5.Task4.V0.Test\Tyuiu.MelehovAG.Sprint5.Task4.V0.Test.csproj", "{2968E293-95DC-4F0B-8AB7-8E9DC8575BC8}"
EndProject
Project("{FAE04EC0-301F-11D3-BF4B-00C04F79EFBC}") = "Tyuiu.MelehovAG.Sprint5.Task5.V0", "Tyuiu.MelehovAG.Sprint5.Task5.V0\Tyuiu.MelehovAG.Sprint5.Task5.V0.csproj", "{F8BE5B76-1CAF-45C1-BFE3-9BC2DE75A7B0}"
EndProject
Project("{FAE04EC0-301F-11D3-BF4B-00C04F79EFBC}") = "Tyuiu.MelehovAG.Sprint5.Task5.V0.Lib", "Tyuiu.MelehovAG.Sprint5.Task5.V0.Lib\Tyuiu.MelehovAG.Sprint5.Task5.V0.Lib.csproj", "{84C2E43A-6260-49D1-BC2B-02DB1D12EE5E}"
EndProject
Project("{FAE04EC0-301F-11D3-BF4B-00C04F79EFBC}") = "Tyuiu.MelehovAG.Sprint5.Task5.V0.Test", "Tyuiu.MelehovAG.Sprint5.Task5.V0.Test\Tyuiu.MelehovAG.Sprint5.Task5.V0.Test.csproj", "{34BF8195-AE70-4CB8-AE7B-BA8D4626842D}"
EndProject
Project("{FAE04EC0-301F-11D3-BF4B-00C04F79EFBC}") = "Tyuiu.MelehovAG.Sprint5.Task6.V0", "Tyuiu.MelehovAG.Sprint5.Task6.V0\Tyuiu.MelehovAG.Sprint5.Task6.V0.csproj", "{12ADA1A9-37B0-43F8-B025-BE50305455E4}"
EndProject
Project("{FAE04EC0-301F-11D3-BF4B-00C04F79EFBC}") = "Tyuiu.MelehovAG.Sprint5.Task6.V0.Lib", "Tyuiu.MelehovAG.Sprint5.Task6.V0.Lib\Tyuiu.MelehovAG.Sprint5.Task6.V0.Lib.csproj", "{69A9E29C-782A-48F3-A728-126AE8EC9E65}"
EndProject
Project("{FAE04EC0-301F-11D3-BF4B-00C04F79EFBC}") = "Tyuiu.MelehovAG.Sprint5.Task6.V0.Test", "Tyuiu.MelehovAG.Sprint5.Task6.V0.Test\Tyuiu.MelehovAG.Sprint5.Task6.V0.Test.csproj", "{424B60B1-93F0-4BC9-9CA4-A5FC55913F32}"
EndProject
Project("{FAE04EC0-301F-11D3-BF4B-00C04F79EFBC}") = "Tyuiu.MelehovAG.Sprint5.Task7.V0", "Tyuiu.MelehovAG.Sprint5.Task7.V0\Tyuiu.MelehovAG.Sprint5.Task7.V0.csproj", "{7223A211-121A-4D26-BB53-E3E481792437}"
EndProject
Project("{FAE04EC0-301F-11D3-BF4B-00C04F79EFBC}") = "Tyuiu.MelehovAG.Sprint5.Task7.V0.Lib", "Tyuiu.MelehovAG.Sprint5.Task7.V0.Lib\Tyuiu.MelehovAG.Sprint5.Task7.V0.Lib.csproj", "{DDFC45F7-C28A-4E55-B9D7-B7976A8A85CC}"
EndProject
Project("{FAE04EC0-301F-11D3-BF4B-00C04F79EFBC}") = "Tyuiu.MelehovAG.Sprint5.Task7.V0.Test", "Tyuiu.MelehovAG.Sprint5.Task7.V0.Test\Tyuiu.MelehovAG.Sprint5.Task7.V0.Test.csproj", "{E2118906-D71E-47D8-AA3C-768FCCCCA1D1}"
EndProject
Project("{FAE04EC0-301F-11D3-BF4B-00C04F79EFBC}") = "Tyuiu.MelehovAG.Sprint5.Task0.V14", "Tyuiu.MelehovAG.Sprint5.Task0.V14\Tyuiu.MelehovAG.Sprint5.Task0.V14.csproj", "{35B290BD-570D-4BB2-B64C-3B1F9A8631E0}"
EndProject
Project("{FAE04EC0-301F-11D3-BF4B-00C04F79EFBC}") = "Tyuiu.MelehovAG.Sprint5.Task0.V14.Lib", "Tyuiu.MelehovAG.Sprint5.Task0.V14.Lib\Tyuiu.MelehovAG.Sprint5.Task0.V14.Lib.csproj", "{F4FD4E73-886C-4883-AFDA-B3BDC0256FCB}"
EndProject
Project("{FAE04EC0-301F-11D3-BF4B-00C04F79EFBC}") = "Tyuiu.MelehovAG.Sprint5.Task0.V14.Test", "Tyuiu.MelehovAG.Sprint5.Task0.V14.Test\Tyuiu.MelehovAG.Sprint5.Task0.V14.Test.csproj", "{159A2601-9004-437A-94BB-F753AEB7887B}"
EndProject
Project("{FAE04EC0-301F-11D3-BF4B-00C04F79EFBC}") = "Tyuiu.MelehovAG.Sprint5.Task1.V6", "Tyuiu.MelehovAG.Sprint5.Task1.V6\Tyuiu.MelehovAG.Sprint5.Task1.V6.csproj", "{F9C958AD-C4EC-4A06-A0CF-C5772E86944D}"
EndProject
Project("{FAE04EC0-301F-11D3-BF4B-00C04F79EFBC}") = "Tyuiu.MelehovAG.Sprint5.Task1.V6.Lib", "Tyuiu.MelehovAG.Sprint5.Task1.V6.Lib\Tyuiu.MelehovAG.Sprint5.Task1.V6.Lib.csproj", "{BEB0F0DA-DA87-4FC4-A46E-5706B09BFB1B}"
EndProject
Project("{FAE04EC0-301F-11D3-BF4B-00C04F79EFBC}") = "Tyuiu.MelehovAG.Sprint5.Task1.V6.Test", "Tyuiu.MelehovAG.Sprint5.Task1.V6.Test\Tyuiu.MelehovAG.Sprint5.Task1.V6.Test.csproj", "{078523A4-C36B-4168-A58B-7C94E4EE0CE7}"
EndProject
Project("{FAE04EC0-301F-11D3-BF4B-00C04F79EFBC}") = "Tyuiu.MelehovAG.Sprint5.Task2.V30", "Tyuiu.MelehovAG.Sprint5.Task2.V30\Tyuiu.MelehovAG.Sprint5.Task2.V30.csproj", "{FA778523-6A9F-4C47-A1E1-7117CB62FF34}"
EndProject
Project("{FAE04EC0-301F-11D3-BF4B-00C04F79EFBC}") = "Tyuiu.MelehovAG.Sprint5.Task2.V30.Lib", "Tyuiu.MelehovAG.Sprint5.Task2.V30.Lib\Tyuiu.MelehovAG.Sprint5.Task2.V30.Lib.csproj", "{E540EE53-2843-44F4-96CC-705264C8DA58}"
EndProject
Project("{FAE04EC0-301F-11D3-BF4B-00C04F79EFBC}") = "Tyuiu.MelehovAG.Sprint5.Task2.V30.Test", "Tyuiu.MelehovAG.Sprint5.Task2.V30.Test\Tyuiu.MelehovAG.Sprint5.Task2.V30.Test.csproj", "{6E01F934-833A-4327-A29C-5C927068DFFD}"
EndProject
Project("{FAE04EC0-301F-11D3-BF4B-00C04F79EFBC}") = "Tyuiu.MelehovAG.Sprint5.Task3.V23", "Tyuiu.MelehovAG.Sprint5.Task3.V23\Tyuiu.MelehovAG.Sprint5.Task3.V23.csproj", "{25BCBAA0-C342-4FEF-B092-0FA12AB53BAE}"
EndProject
Project("{FAE04EC0-301F-11D3-BF4B-00C04F79EFBC}") = "Tyuiu.MelehovAG.Sprint5.Task3.V23.Lib", "Tyuiu.MelehovAG.Sprint5.Task3.V23.Lib\Tyuiu.MelehovAG.Sprint5.Task3.V23.Lib.csproj", "{EF7E37A3-94B3-41AF-8FAA-6677F0D61F84}"
EndProject
Project("{FAE04EC0-301F-11D3-BF4B-00C04F79EFBC}") = "Tyuiu.MelehovAG.Sprint5.Task3.V23.Test", "Tyuiu.MelehovAG.Sprint5.Task3.V23.Test\Tyuiu.MelehovAG.Sprint5.Task3.V23.Test.csproj", "{D8D4475E-FB3E-40B6-8795-3EF2F1DFC107}"
EndProject
Project("{FAE04EC0-301F-11D3-BF4B-00C04F79EFBC}") = "Tyuiu.MelehovAG.Sprint5.Task4.V23", "Tyuiu.MelehovAG.Sprint5.Task4.V23\Tyuiu.MelehovAG.Sprint5.Task4.V23.csproj", "{87A4AC2E-F99A-4605-83B2-7C2247107BBB}"
EndProject
Project("{FAE04EC0-301F-11D3-BF4B-00C04F79EFBC}") = "Tyuiu.MelehovAG.Sprint5.Task4.V23.Lib", "Tyuiu.MelehovAG.Sprint5.Task4.V23.Lib\Tyuiu.MelehovAG.Sprint5.Task4.V23.Lib.csproj", "{37D4B849-7FF9-485D-9D16-EFC48D038A49}"
EndProject
Project("{FAE04EC0-301F-11D3-BF4B-00C04F79EFBC}") = "Tyuiu.MelehovAG.Sprint5.Task4.V23.Test", "Tyuiu.MelehovAG.Sprint5.Task4.V23.Test\Tyuiu.MelehovAG.Sprint5.Task4.V23.Test.csproj", "{1DC9C1AF-9672-4777-8452-CB5B74529BBE}"
EndProject
Project("{FAE04EC0-301F-11D3-BF4B-00C04F79EFBC}") = "Tyuiu.MelehovAG.Sprint5.Task5.V4", "Tyuiu.MelehovAG.Sprint5.Task5.V4\Tyuiu.MelehovAG.Sprint5.Task5.V4.csproj", "{406E0114-8ED7-48C2-B71A-897CD5FB09CC}"
EndProject
Project("{FAE04EC0-301F-11D3-BF4B-00C04F79EFBC}") = "Tyuiu.MelehovAG.Sprint5.Task5.V4.Lib", "Tyuiu.MelehovAG.Sprint5.Task5.V4.Lib\Tyuiu.MelehovAG.Sprint5.Task5.V4.Lib.csproj", "{E55DAA9A-1A3E-427F-A06E-C782A4BBD055}"
EndProject
Project("{FAE04EC0-301F-11D3-BF4B-00C04F79EFBC}") = "Tyuiu.MelehovAG.Sprint5.Task5.V4.Test", "Tyuiu.MelehovAG.Sprint5.Task5.V4.Test\Tyuiu.MelehovAG.Sprint5.Task5.V4.Test.csproj", "{75BD02E7-4AF4-4A2B-B8CE-93761EB0D55E}"
EndProject
Project("{FAE04EC0-301F-11D3-BF4B-00C04F79EFBC}") = "Tyuiu.MelehovAG.Sprint5.Task6.V30", "Tyuiu.MelehovAG.Sprint5.Task6.V30\Tyuiu.MelehovAG.Sprint5.Task6.V30.csproj", "{7E9842EB-CCE7-4E6F-8038-A8D386060D2E}"
EndProject
Project("{FAE04EC0-301F-11D3-BF4B-00C04F79EFBC}") = "Tyuiu.MelehovAG.Sprint5.Task6.V30.Lib", "Tyuiu.MelehovAG.Sprint5.Task6.V30.Lib\Tyuiu.MelehovAG.Sprint5.Task6.V30.Lib.csproj", "{77990AED-C1E4-4438-9033-247E363B64E4}"
EndProject
Project("{FAE04EC0-301F-11D3-BF4B-00C04F79EFBC}") = "Tyuiu.MelehovAG.Sprint5.Task6.V30.Test", "Tyuiu.MelehovAG.Sprint5.Task6.V30.Test\Tyuiu.MelehovAG.Sprint5.Task6.V30.Test.csproj", "{71DD5A11-EC6F-4504-9F50-609C194C41A9}"
EndProject
Project("{FAE04EC0-301F-11D3-BF4B-00C04F79EFBC}") = "Tyuiu.MelehovAG.Sprint5.Task7.V1", "Tyuiu.MelehovAG.Sprint5.Task7.V1\Tyuiu.MelehovAG.Sprint5.Task7.V1.csproj", "{6DF0D81C-B523-4267-A878-33E85E76E286}"
EndProject
Project("{FAE04EC0-301F-11D3-BF4B-00C04F79EFBC}") = "Tyuiu.MelehovAG.Sprint5.Task7.V1.Lib", "Tyuiu.MelehovAG.Sprint5.Task7.V1.Lib\Tyuiu.MelehovAG.Sprint5.Task7.V1.Lib.csproj", "{A1879C3A-43BD-4A20-B14E-F6785F38CC3E}"
EndProject
Project("{FAE04EC0-301F-11D3-BF4B-00C04F79EFBC}") = "Tyuiu.MelehovAG.Sprint5.Task7.V1.Test", "Tyuiu.MelehovAG.Sprint5.Task7.V1.Test\Tyuiu.MelehovAG.Sprint5.Task7.V1.Test.csproj", "{8F83B108-F1F0-42E6-9358-DDC3327F6A64}"
EndProject
Global
	GlobalSection(SolutionConfigurationPlatforms) = preSolution
		Debug|Any CPU = Debug|Any CPU
		Release|Any CPU = Release|Any CPU
	EndGlobalSection
	GlobalSection(ProjectConfigurationPlatforms) = postSolution
		{7B6E858D-46B3-469D-AE6F-D38B86060CFE}.Debug|Any CPU.ActiveCfg = Debug|Any CPU
		{7B6E858D-46B3-469D-AE6F-D38B86060CFE}.Debug|Any CPU.Build.0 = Debug|Any CPU
		{7B6E858D-46B3-469D-AE6F-D38B86060CFE}.Release|Any CPU.ActiveCfg = Release|Any CPU
		{7B6E858D-46B3-469D-AE6F-D38B86060CFE}.Release|Any CPU.Build.0 = Release|Any CPU
		{1386840B-EB35-4846-AE5C-8770ABDD1248}.Debug|Any CPU.ActiveCfg = Debug|Any CPU
		{1386840B-EB35-4846-AE5C-8770ABDD1248}.Debug|Any CPU.Build.0 = Debug|Any CPU
		{1386840B-EB35-4846-AE5C-8770ABDD1248}.Release|Any CPU.ActiveCfg = Release|Any CPU
		{1386840B-EB35-4846-AE5C-8770ABDD1248}.Release|Any CPU.Build.0 = Release|Any CPU
		{D6D0CA64-D3EE-43C0-8964-B13926FA2780}.Debug|Any CPU.ActiveCfg = Debug|Any CPU
		{D6D0CA64-D3EE-43C0-8964-B13926FA2780}.Debug|Any CPU.Build.0 = Debug|Any CPU
		{D6D0CA64-D3EE-43C0-8964-B13926FA2780}.Release|Any CPU.ActiveCfg = Release|Any CPU
		{D6D0CA64-D3EE-43C0-8964-B13926FA2780}.Release|Any CPU.Build.0 = Release|Any CPU
		{0BBEF77C-F79C-473A-9545-7E9778419319}.Debug|Any CPU.ActiveCfg = Debug|Any CPU
		{0BBEF77C-F79C-473A-9545-7E9778419319}.Debug|Any CPU.Build.0 = Debug|Any CPU
		{0BBEF77C-F79C-473A-9545-7E9778419319}.Release|Any CPU.ActiveCfg = Release|Any CPU
		{0BBEF77C-F79C-473A-9545-7E9778419319}.Release|Any CPU.Build.0 = Release|Any CPU
		{4A3D6439-66E6-48FA-8EE5-02FB8536D74D}.Debug|Any CPU.ActiveCfg = Debug|Any CPU
		{4A3D6439-66E6-48FA-8EE5-02FB8536D74D}.Debug|Any CPU.Build.0 = Debug|Any CPU
		{4A3D6439-66E6-48FA-8EE5-02FB8536D74D}.Release|Any CPU.ActiveCfg = Release|Any CPU
		{4A3D6439-66E6-48FA-8EE5-02FB8536D74D}.Release|Any CPU.Build.0 = Release|Any CPU
		{B21CDE08-3B3F-49E2-96BC-24E970425474}.Debug|Any CPU.ActiveCfg = Debug|Any CPU
		{B21CDE08-3B3F-49E2-96BC-24E970425474}.Debug|Any CPU.Build.0 = Debug|Any CPU
		{B21CDE08-3B3F-49E2-96BC-24E970425474}.Release|Any CPU.ActiveCfg = Release|Any CPU
		{B21CDE08-3B3F-49E2-96BC-24E970425474}.Release|Any CPU.Build.0 = Release|Any CPU
		{9846F9A7-A977-454D-8443-9D0CAE64DBAB}.Debug|Any CPU.ActiveCfg = Debug|Any CPU
		{9846F9A7-A977-454D-8443-9D0CAE64DBAB}.Debug|Any CPU.Build.0 = Debug|Any CPU
		{9846F9A7-A977-454D-8443-9D0CAE64DBAB}.Release|Any CPU.ActiveCfg = Release|Any CPU
		{9846F9A7-A977-454D-8443-9D0CAE64DBAB}.Release|Any CPU.Build.0 = Release|Any CPU
		{C00D6B56-1D2C-4AB7-A6B2-337EC3F095BE}.Debug|Any CPU.ActiveCfg = Debug|Any CPU
		{C00D6B56-1D2C-4AB7-A6B2-337EC3F095BE}.Debug|Any CPU.Build.0 = Debug|Any CPU
		{C00D6B56-1D2C-4AB7-A6B2-337EC3F095BE}.Release|Any CPU.ActiveCfg = Release|Any CPU
		{C00D6B56-1D2C-4AB7-A6B2-337EC3F095BE}.Release|Any CPU.Build.0 = Release|Any CPU
		{2B90D647-DC2B-4F19-8DF0-5AAC3F027809}.Debug|Any CPU.ActiveCfg = Debug|Any CPU
		{2B90D647-DC2B-4F19-8DF0-5AAC3F027809}.Debug|Any CPU.Build.0 = Debug|Any CPU
		{2B90D647-DC2B-4F19-8DF0-5AAC3F027809}.Release|Any CPU.ActiveCfg = Release|Any CPU
		{2B90D647-DC2B-4F19-8DF0-5AAC3F027809}.Release|Any CPU.Build.0 = Release|Any CPU
		{DE05AD27-48E7-48F7-844B-DE3B9862159D}.Debug|Any CPU.ActiveCfg = Debug|Any CPU
		{DE05AD27-48E7-48F7-844B-DE3B9862159D}.Debug|Any CPU.Build.0 = Debug|Any CPU
		{DE05AD27-48E7-48F7-844B-DE3B9862159D}.Release|Any CPU.ActiveCfg = Release|Any CPU
		{DE05AD27-48E7-48F7-844B-DE3B9862159D}.Release|Any CPU.Build.0 = Release|Any CPU
		{27FC1AFD-4AAB-40D8-89B9-F31499565A67}.Debug|Any CPU.ActiveCfg = Debug|Any CPU
		{27FC1AFD-4AAB-40D8-89B9-F31499565A67}.Debug|Any CPU.Build.0 = Debug|Any CPU
		{27FC1AFD-4AAB-40D8-89B9-F31499565A67}.Release|Any CPU.ActiveCfg = Release|Any CPU
		{27FC1AFD-4AAB-40D8-89B9-F31499565A67}.Release|Any CPU.Build.0 = Release|Any CPU
		{85E1F84E-524C-48C1-BA4F-D4AB2529A7FA}.Debug|Any CPU.ActiveCfg = Debug|Any CPU
		{85E1F84E-524C-48C1-BA4F-D4AB2529A7FA}.Debug|Any CPU.Build.0 = Debug|Any CPU
		{85E1F84E-524C-48C1-BA4F-D4AB2529A7FA}.Release|Any CPU.ActiveCfg = Release|Any CPU
		{85E1F84E-524C-48C1-BA4F-D4AB2529A7FA}.Release|Any CPU.Build.0 = Release|Any CPU
		{9EFAA50C-984D-4B1E-8B38-4454395257A9}.Debug|Any CPU.ActiveCfg = Debug|Any CPU
		{9EFAA50C-984D-4B1E-8B38-4454395257A9}.Debug|Any CPU.Build.0 = Debug|Any CPU
		{9EFAA50C-984D-4B1E-8B38-4454395257A9}.Release|Any CPU.ActiveCfg = Release|Any CPU
		{9EFAA50C-984D-4B1E-8B38-4454395257A9}.Release|Any CPU.Build.0 = Release|Any CPU
		{D40073E7-AE08-4495-A7DC-FC69BAB90337}.Debug|Any CPU.ActiveCfg = Debug|Any CPU
		{D40073E7-AE08-4495-A7DC-FC69BAB90337}.Debug|Any CPU.Build.0 = Debug|Any CPU
		{D40073E7-AE08-4495-A7DC-FC69BAB90337}.Release|Any CPU.ActiveCfg = Release|Any CPU
		{D40073E7-AE08-4495-A7DC-FC69BAB90337}.Release|Any CPU.Build.0 = Release|Any CPU
		{2968E293-95DC-4F0B-8AB7-8E9DC8575BC8}.Debug|Any CPU.ActiveCfg = Debug|Any CPU
		{2968E293-95DC-4F0B-8AB7-8E9DC8575BC8}.Debug|Any CPU.Build.0 = Debug|Any CPU
		{2968E293-95DC-4F0B-8AB7-8E9DC8575BC8}.Release|Any CPU.ActiveCfg = Release|Any CPU
		{2968E293-95DC-4F0B-8AB7-8E9DC8575BC8}.Release|Any CPU.Build.0 = Release|Any CPU
		{F8BE5B76-1CAF-45C1-BFE3-9BC2DE75A7B0}.Debug|Any CPU.ActiveCfg = Debug|Any CPU
		{F8BE5B76-1CAF-45C1-BFE3-9BC2DE75A7B0}.Debug|Any CPU.Build.0 = Debug|Any CPU
		{F8BE5B76-1CAF-45C1-BFE3-9BC2DE75A7B0}.Release|Any CPU.ActiveCfg = Release|Any CPU
		{F8BE5B76-1CAF-45C1-BFE3-9BC2DE75A7B0}.Release|Any CPU.Build.0 = Release|Any CPU
		{84C2E43A-6260-49D1-BC2B-02DB1D12EE5E}.Debug|Any CPU.ActiveCfg = Debug|Any CPU
		{84C2E43A-6260-49D1-BC2B-02DB1D12EE5E}.Debug|Any CPU.Build.0 = Debug|Any CPU
		{84C2E43A-6260-49D1-BC2B-02DB1D12EE5E}.Release|Any CPU.ActiveCfg = Release|Any CPU
		{84C2E43A-6260-49D1-BC2B-02DB1D12EE5E}.Release|Any CPU.Build.0 = Release|Any CPU
		{34BF8195-AE70-4CB8-AE7B-BA8D4626842D}.Debug|Any CPU.ActiveCfg = Debug|Any CPU
		{34BF8195-AE70-4CB8-AE7B-BA8D4626842D}.Debug|Any CPU.Build.0 = Debug|Any CPU
		{34BF8195-AE70-4CB8-AE7B-BA8D4626842D}.Release|Any CPU.ActiveCfg = Release|Any CPU
		{34BF8195-AE70-4CB8-AE7B-BA8D4626842D}.Release|Any CPU.Build.0 = Release|Any CPU
		{12ADA1A9-37B0-43F8-B025-BE50305455E4}.Debug|Any CPU.ActiveCfg = Debug|Any CPU
		{12ADA1A9-37B0-43F8-B025-BE50305455E4}.Debug|Any CPU.Build.0 = Debug|Any CPU
		{12ADA1A9-37B0-43F8-B025-BE50305455E4}.Release|Any CPU.ActiveCfg = Release|Any CPU
		{12ADA1A9-37B0-43F8-B025-BE50305455E4}.Release|Any CPU.Build.0 = Release|Any CPU
		{69A9E29C-782A-48F3-A728-126AE8EC9E65}.Debug|Any CPU.ActiveCfg = Debug|Any CPU
		{69A9E29C-782A-48F3-A728-126AE8EC9E65}.Debug|Any CPU.Build.0 = Debug|Any CPU
		{69A9E29C-782A-48F3-A728-126AE8EC9E65}.Release|Any CPU.ActiveCfg = Release|Any CPU
		{69A9E29C-782A-48F3-A728-126AE8EC9E65}.Release|Any CPU.Build.0 = Release|Any CPU
		{424B60B1-93F0-4BC9-9CA4-A5FC55913F32}.Debug|Any CPU.ActiveCfg = Debug|Any CPU
		{424B60B1-93F0-4BC9-9CA4-A5FC55913F32}.Debug|Any CPU.Build.0 = Debug|Any CPU
		{424B60B1-93F0-4BC9-9CA4-A5FC55913F32}.Release|Any CPU.ActiveCfg = Release|Any CPU
		{424B60B1-93F0-4BC9-9CA4-A5FC55913F32}.Release|Any CPU.Build.0 = Release|Any CPU
		{7223A211-121A-4D26-BB53-E3E481792437}.Debug|Any CPU.ActiveCfg = Debug|Any CPU
		{7223A211-121A-4D26-BB53-E3E481792437}.Debug|Any CPU.Build.0 = Debug|Any CPU
		{7223A211-121A-4D26-BB53-E3E481792437}.Release|Any CPU.ActiveCfg = Release|Any CPU
		{7223A211-121A-4D26-BB53-E3E481792437}.Release|Any CPU.Build.0 = Release|Any CPU
		{DDFC45F7-C28A-4E55-B9D7-B7976A8A85CC}.Debug|Any CPU.ActiveCfg = Debug|Any CPU
		{DDFC45F7-C28A-4E55-B9D7-B7976A8A85CC}.Debug|Any CPU.Build.0 = Debug|Any CPU
		{DDFC45F7-C28A-4E55-B9D7-B7976A8A85CC}.Release|Any CPU.ActiveCfg = Release|Any CPU
		{DDFC45F7-C28A-4E55-B9D7-B7976A8A85CC}.Release|Any CPU.Build.0 = Release|Any CPU
		{E2118906-D71E-47D8-AA3C-768FCCCCA1D1}.Debug|Any CPU.ActiveCfg = Debug|Any CPU
		{E2118906-D71E-47D8-AA3C-768FCCCCA1D1}.Debug|Any CPU.Build.0 = Debug|Any CPU
		{E2118906-D71E-47D8-AA3C-768FCCCCA1D1}.Release|Any CPU.ActiveCfg = Release|Any CPU
		{E2118906-D71E-47D8-AA3C-768FCCCCA1D1}.Release|Any CPU.Build.0 = Release|Any CPU
		{35B290BD-570D-4BB2-B64C-3B1F9A8631E0}.Debug|Any CPU.ActiveCfg = Debug|Any CPU
		{35B290BD-570D-4BB2-B64C-3B1F9A8631E0}.Debug|Any CPU.Build.0 = Debug|Any CPU
		{35B290BD-570D-4BB2-B64C-3B1F9A8631E0}.Release|Any CPU.ActiveCfg = Release|Any CPU
		{35B290BD-570D-4BB2-B64C-3B1F9A8631E0}.Release|Any CPU.Build.0 = Release|Any CPU
		{F4FD4E73-886C-4883-AFDA-B3BDC0256FCB}.Debug|Any CPU.ActiveCfg = Debug|Any CPU
		{F4FD4E73-886C-4883-AFDA-B3BDC0256FCB}.Debug|Any CPU.Build.0 = Debug|Any CPU
		{F4FD4E73-886C-4883-AFDA-B3BDC0256FCB}.Release|Any CPU.ActiveCfg = Release|Any CPU
		{F4FD4E73-886C-4883-AFDA-B3BDC0256FCB}.Release|Any CPU.Build.0 = Release|Any CPU
		{159A2601-9004-437A-94BB-F753AEB7887B}.Debug|Any CPU.ActiveCfg = Debug|Any CPU
		{159A2601-9004-437A-94BB-F753AEB7887B}.Debug|Any CPU.Build.0 = Debug|Any CPU
		{159A2601-9004-437A-94BB-F753AEB7887B}.Release|Any CPU.ActiveCfg = Release|Any CPU
		{159A2601-9004-437A-94BB-F753AEB7887B}.Release|Any CPU.Build.0 = Release|Any CPU
		{F9C958AD-C4EC-4A06-A0CF-C5772E86944D}.Debug|Any CPU.ActiveCfg = Debug|Any CPU
		{F9C958AD-C4EC-4A06-A0CF-C5772E86944D}.Debug|Any CPU.Build.0 = Debug|Any CPU
		{F9C958AD-C4EC-4A06-A0CF-C5772E86944D}.Release|Any CPU.ActiveCfg = Release|Any CPU
		{F9C958AD-C4EC-4A06-A0CF-C5772E86944D}.Release|Any CPU.Build.0 = Release|Any CPU
		{BEB0F0DA-DA87-4FC4-A46E-5706B09BFB1B}.Debug|Any CPU.ActiveCfg = Debug|Any CPU
		{BEB0F0DA-DA87-4FC4-A46E-5706B09BFB1B}.Debug|Any CPU.Build.0 = Debug|Any CPU
		{BEB0F0DA-DA87-4FC4-A46E-5706B09BFB1B}.Release|Any CPU.ActiveCfg = Release|Any CPU
		{BEB0F0DA-DA87-4FC4-A46E-5706B09BFB1B}.Release|Any CPU.Build.0 = Release|Any CPU
		{078523A4-C36B-4168-A58B-7C94E4EE0CE7}.Debug|Any CPU.ActiveCfg = Debug|Any CPU
		{078523A4-C36B-4168-A58B-7C94E4EE0CE7}.Debug|Any CPU.Build.0 = Debug|Any CPU
		{078523A4-C36B-4168-A58B-7C94E4EE0CE7}.Release|Any CPU.ActiveCfg = Release|Any CPU
		{078523A4-C36B-4168-A58B-7C94E4EE0CE7}.Release|Any CPU.Build.0 = Release|Any CPU
		{FA778523-6A9F-4C47-A1E1-7117CB62FF34}.Debug|Any CPU.ActiveCfg = Debug|Any CPU
		{FA778523-6A9F-4C47-A1E1-7117CB62FF34}.Debug|Any CPU.Build.0 = Debug|Any CPU
		{FA778523-6A9F-4C47-A1E1-7117CB62FF34}.Release|Any CPU.ActiveCfg = Release|Any CPU
		{FA778523-6A9F-4C47-A1E1-7117CB62FF34}.Release|Any CPU.Build.0 = Release|Any CPU
		{E540EE53-2843-44F4-96CC-705264C8DA58}.Debug|Any CPU.ActiveCfg = Debug|Any CPU
		{E540EE53-2843-44F4-96CC-705264C8DA58}.Debug|Any CPU.Build.0 = Debug|Any CPU
		{E540EE53-2843-44F4-96CC-705264C8DA58}.Release|Any CPU.ActiveCfg = Release|Any CPU
		{E540EE53-2843-44F4-96CC-705264C8DA58}.Release|Any CPU.Build.0 = Release|Any CPU
		{6E01F934-833A-4327-A29C-5C927068DFFD}.Debug|Any CPU.ActiveCfg = Debug|Any CPU
		{6E01F934-833A-4327-A29C-5C927068DFFD}.Debug|Any CPU.Build.0 = Debug|Any CPU
		{6E01F934-833A-4327-A29C-5C927068DFFD}.Release|Any CPU.ActiveCfg = Release|Any CPU
		{6E01F934-833A-4327-A29C-5C927068DFFD}.Release|Any CPU.Build.0 = Release|Any CPU
		{25BCBAA0-C342-4FEF-B092-0FA12AB53BAE}.Debug|Any CPU.ActiveCfg = Debug|Any CPU
		{25BCBAA0-C342-4FEF-B092-0FA12AB53BAE}.Debug|Any CPU.Build.0 = Debug|Any CPU
		{25BCBAA0-C342-4FEF-B092-0FA12AB53BAE}.Release|Any CPU.ActiveCfg = Release|Any CPU
		{25BCBAA0-C342-4FEF-B092-0FA12AB53BAE}.Release|Any CPU.Build.0 = Release|Any CPU
		{EF7E37A3-94B3-41AF-8FAA-6677F0D61F84}.Debug|Any CPU.ActiveCfg = Debug|Any CPU
		{EF7E37A3-94B3-41AF-8FAA-6677F0D61F84}.Debug|Any CPU.Build.0 = Debug|Any CPU
		{EF7E37A3-94B3-41AF-8FAA-6677F0D61F84}.Release|Any CPU.ActiveCfg = Release|Any CPU
		{EF7E37A3-94B3-41AF-8FAA-6677F0D61F84}.Release|Any CPU.Build.0 = Release|Any CPU
		{D8D4475E-FB3E-40B6-8795-3EF2F1DFC107}.Debug|Any CPU.ActiveCfg = Debug|Any CPU
		{D8D4475E-FB3E-40B6-8795-3EF2F1DFC107}.Debug|Any CPU.Build.0 = Debug|Any CPU
		{D8D4475E-FB3E-40B6-8795-3EF2F1DFC107}.Release|Any CPU.ActiveCfg = Release|Any CPU
		{D8D4475E-FB3E-40B6-8795-3EF2F1DFC107}.Release|Any CPU.Build.0 = Release|Any CPU
		{87A4AC2E-F99A-4605-83B2-7C2247107BBB}.Debug|Any CPU.ActiveCfg = Debug|Any CPU
		{87A4AC2E-F99A-4605-83B2-7C2247107BBB}.Debug|Any CPU.Build.0 = Debug|Any CPU
		{87A4AC2E-F99A-4605-83B2-7C2247107BBB}.Release|Any CPU.ActiveCfg = Release|Any CPU
		{87A4AC2E-F99A-4605-83B2-7C2247107BBB}.Release|Any CPU.Build.0 = Release|Any CPU
		{37D4B849-7FF9-485D-9D16-EFC48D038A49}.Debug|Any CPU.ActiveCfg = Debug|Any CPU
		{37D4B849-7FF9-485D-9D16-EFC48D038A49}.Debug|Any CPU.Build.0 = Debug|Any CPU
		{37D4B849-7FF9-485D-9D16-EFC48D038A49}.Release|Any CPU.ActiveCfg = Release|Any CPU
		{37D4B849-7FF9-485D-9D16-EFC48D038A49}.Release|Any CPU.Build.0 = Release|Any CPU
		{1DC9C1AF-9672-4777-8452-CB5B74529BBE}.Debug|Any CPU.ActiveCfg = Debug|Any CPU
		{1DC9C1AF-9672-4777-8452-CB5B74529BBE}.Debug|Any CPU.Build.0 = Debug|Any CPU
		{1DC9C1AF-9672-4777-8452-CB5B74529BBE}.Release|Any CPU.ActiveCfg = Release|Any CPU
		{1DC9C1AF-9672-4777-8452-CB5B74529BBE}.Release|Any CPU.Build.0 = Release|Any CPU
		{406E0114-8ED7-48C2-B71A-897CD5FB09CC}.Debug|Any CPU.ActiveCfg = Debug|Any CPU
		{406E0114-8ED7-48C2-B71A-897CD5FB09CC}.Debug|Any CPU.Build.0 = Debug|Any CPU
		{406E0114-8ED7-48C2-B71A-897CD5FB09CC}.Release|Any CPU.ActiveCfg = Release|Any CPU
		{406E0114-8ED7-48C2-B71A-897CD5FB09CC}.Release|Any CPU.Build.0 = Release|Any CPU
		{E55DAA9A-1A3E-427F-A06E-C782A4BBD055}.Debug|Any CPU.ActiveCfg = Debug|Any CPU
		{E55DAA9A-1A3E-427F-A06E-C782A4BBD055}.Debug|Any CPU.Build.0 = Debug|Any CPU
		{E55DAA9A-1A3E-427F-A06E-C782A4BBD055}.Release|Any CPU.ActiveCfg = Release|Any CPU
		{E55DAA9A-1A3E-427F-A06E-C782A4BBD055}.Release|Any CPU.Build.0 = Release|Any CPU
		{75BD02E7-4AF4-4A2B-B8CE-93761EB0D55E}.Debug|Any CPU.ActiveCfg = Debug|Any CPU
		{75BD02E7-4AF4-4A2B-B8CE-93761EB0D55E}.Debug|Any CPU.Build.0 = Debug|Any CPU
		{75BD02E7-4AF4-4A2B-B8CE-93761EB0D55E}.Release|Any CPU.ActiveCfg = Release|Any CPU
		{75BD02E7-4AF4-4A2B-B8CE-93761EB0D55E}.Release|Any CPU.Build.0 = Release|Any CPU
		{7E9842EB-CCE7-4E6F-8038-A8D386060D2E}.Debug|Any CPU.ActiveCfg = Debug|Any CPU
		{7E9842EB-CCE7-4E6F-8038-A8D386060D2E}.Debug|Any CPU.Build.0 = Debug|Any CPU
		{7E9842EB-CCE7-4E6F-8038-A8D386060D2E}.Release|Any CPU.ActiveCfg = Release|Any CPU
		{7E9842EB-CCE7-4E6F-8038-A8D386060D2E}.Release|Any CPU.Build.0 = Release|Any CPU
		{77990AED-C1E4-4438-9033-247E363B64E4}.Debug|Any CPU.ActiveCfg = Debug|Any CPU
		{77990AED-C1E4-4438-9033-247E363B64E4}.Debug|Any CPU.Build.0 = Debug|Any CPU
		{77990AED-C1E4-4438-9033-247E363B64E4}.Release|Any CPU.ActiveCfg = Release|Any CPU
		{77990AED-C1E4-4438-9033-247E363B64E4}.Release|Any CPU.Build.0 = Release|Any CPU
		{71DD5A11-EC6F-4504-9F50-609C194C41A9}.Debug|Any CPU.ActiveCfg = Debug|Any CPU
		{71DD5A11-EC6F-4504-9F50-609C194C41A9}.Debug|Any CPU.Build.0 = Debug|Any CPU
		{71DD5A11-EC6F-4504-9F50-609C194C41A9}.Release|Any CPU.ActiveCfg = Release|Any CPU
		{71DD5A11-EC6F-4504-9F50-609C194C41A9}.Release|Any CPU.Build.0 = Release|Any CPU
		{6DF0D81C-B523-4267-A878-33E85E76E286}.Debug|Any CPU.ActiveCfg = Debug|Any CPU
		{6DF0D81C-B523-4267-A878-33E85E76E286}.Debug|Any CPU.Build.0 = Debug|Any CPU
		{6DF0D81C-B523-4267-A878-33E85E76E286}.Release|Any CPU.ActiveCfg = Release|Any CPU
		{6DF0D81C-B523-4267-A878-33E85E76E286}.Release|Any CPU.Build.0 = Release|Any CPU
		{A1879C3A-43BD-4A20-B14E-F6785F38CC3E}.Debug|Any CPU.ActiveCfg = Debug|Any CPU
		{A1879C3A-43BD-4A20-B14E-F6785F38CC3E}.Debug|Any CPU.Build.0 = Debug|Any CPU
		{A1879C3A-43BD-4A20-B14E-F6785F38CC3E}.Release|Any CPU.ActiveCfg = Release|Any CPU
		{A1879C3A-43BD-4A20-B14E-F6785F38CC3E}.Release|Any CPU.Build.0 = Release|Any CPU
		{8F83B108-F1F0-42E6-9358-DDC3327F6A64}.Debug|Any CPU.ActiveCfg = Debug|Any CPU
		{8F83B108-F1F0-42E6-9358-DDC3327F6A64}.Debug|Any CPU.Build.0 = Debug|Any CPU
		{8F83B108-F1F0-42E6-9358-DDC3327F6A64}.Release|Any CPU.ActiveCfg = Release|Any CPU
		{8F83B108-F1F0-42E6-9358-DDC3327F6A64}.Release|Any CPU.Build.0 = Release|Any CPU
	EndGlobalSection
	GlobalSection(SolutionProperties) = preSolution
		HideSolutionNode = FALSE
	EndGlobalSection
	GlobalSection(NestedProjects) = preSolution
		{7B6E858D-46B3-469D-AE6F-D38B86060CFE} = {C4C069AF-6881-4DA3-A810-8710668B3794}
		{1386840B-EB35-4846-AE5C-8770ABDD1248} = {C4C069AF-6881-4DA3-A810-8710668B3794}
		{D6D0CA64-D3EE-43C0-8964-B13926FA2780} = {C4C069AF-6881-4DA3-A810-8710668B3794}
		{0BBEF77C-F79C-473A-9545-7E9778419319} = {ABC69E28-8BCC-4575-BE03-63772C21D4DF}
		{4A3D6439-66E6-48FA-8EE5-02FB8536D74D} = {ABC69E28-8BCC-4575-BE03-63772C21D4DF}
		{B21CDE08-3B3F-49E2-96BC-24E970425474} = {ABC69E28-8BCC-4575-BE03-63772C21D4DF}
		{9846F9A7-A977-454D-8443-9D0CAE64DBAB} = {74A0643F-8F80-4852-A56A-30EA2F0C5D92}
		{C00D6B56-1D2C-4AB7-A6B2-337EC3F095BE} = {74A0643F-8F80-4852-A56A-30EA2F0C5D92}
		{2B90D647-DC2B-4F19-8DF0-5AAC3F027809} = {74A0643F-8F80-4852-A56A-30EA2F0C5D92}
		{DE05AD27-48E7-48F7-844B-DE3B9862159D} = {81A646E5-6C33-470A-A7F7-BB6C92F2A901}
		{27FC1AFD-4AAB-40D8-89B9-F31499565A67} = {81A646E5-6C33-470A-A7F7-BB6C92F2A901}
		{85E1F84E-524C-48C1-BA4F-D4AB2529A7FA} = {81A646E5-6C33-470A-A7F7-BB6C92F2A901}
		{9EFAA50C-984D-4B1E-8B38-4454395257A9} = {661CCABA-869E-499A-AA18-C7CBE165B52D}
		{D40073E7-AE08-4495-A7DC-FC69BAB90337} = {661CCABA-869E-499A-AA18-C7CBE165B52D}
		{2968E293-95DC-4F0B-8AB7-8E9DC8575BC8} = {661CCABA-869E-499A-AA18-C7CBE165B52D}
		{F8BE5B76-1CAF-45C1-BFE3-9BC2DE75A7B0} = {2D35AB89-AF7C-404E-AFD2-58411F55019B}
		{84C2E43A-6260-49D1-BC2B-02DB1D12EE5E} = {2D35AB89-AF7C-404E-AFD2-58411F55019B}
		{34BF8195-AE70-4CB8-AE7B-BA8D4626842D} = {2D35AB89-AF7C-404E-AFD2-58411F55019B}
		{12ADA1A9-37B0-43F8-B025-BE50305455E4} = {9210CAC2-343A-4C04-AC57-7C079B7AEDB3}
		{69A9E29C-782A-48F3-A728-126AE8EC9E65} = {9210CAC2-343A-4C04-AC57-7C079B7AEDB3}
		{424B60B1-93F0-4BC9-9CA4-A5FC55913F32} = {9210CAC2-343A-4C04-AC57-7C079B7AEDB3}
		{7223A211-121A-4D26-BB53-E3E481792437} = {62D81741-2312-49F7-BBE1-15B2B6D4AA73}
		{DDFC45F7-C28A-4E55-B9D7-B7976A8A85CC} = {62D81741-2312-49F7-BBE1-15B2B6D4AA73}
		{E2118906-D71E-47D8-AA3C-768FCCCCA1D1} = {62D81741-2312-49F7-BBE1-15B2B6D4AA73}
		{35B290BD-570D-4BB2-B64C-3B1F9A8631E0} = {C4C069AF-6881-4DA3-A810-8710668B3794}
		{F4FD4E73-886C-4883-AFDA-B3BDC0256FCB} = {C4C069AF-6881-4DA3-A810-8710668B3794}
		{159A2601-9004-437A-94BB-F753AEB7887B} = {C4C069AF-6881-4DA3-A810-8710668B3794}
		{F9C958AD-C4EC-4A06-A0CF-C5772E86944D} = {ABC69E28-8BCC-4575-BE03-63772C21D4DF}
		{BEB0F0DA-DA87-4FC4-A46E-5706B09BFB1B} = {ABC69E28-8BCC-4575-BE03-63772C21D4DF}
		{078523A4-C36B-4168-A58B-7C94E4EE0CE7} = {ABC69E28-8BCC-4575-BE03-63772C21D4DF}
		{FA778523-6A9F-4C47-A1E1-7117CB62FF34} = {74A0643F-8F80-4852-A56A-30EA2F0C5D92}
		{E540EE53-2843-44F4-96CC-705264C8DA58} = {74A0643F-8F80-4852-A56A-30EA2F0C5D92}
		{6E01F934-833A-4327-A29C-5C927068DFFD} = {74A0643F-8F80-4852-A56A-30EA2F0C5D92}
		{25BCBAA0-C342-4FEF-B092-0FA12AB53BAE} = {81A646E5-6C33-470A-A7F7-BB6C92F2A901}
		{EF7E37A3-94B3-41AF-8FAA-6677F0D61F84} = {81A646E5-6C33-470A-A7F7-BB6C92F2A901}
		{D8D4475E-FB3E-40B6-8795-3EF2F1DFC107} = {81A646E5-6C33-470A-A7F7-BB6C92F2A901}
		{87A4AC2E-F99A-4605-83B2-7C2247107BBB} = {661CCABA-869E-499A-AA18-C7CBE165B52D}
		{37D4B849-7FF9-485D-9D16-EFC48D038A49} = {661CCABA-869E-499A-AA18-C7CBE165B52D}
		{1DC9C1AF-9672-4777-8452-CB5B74529BBE} = {661CCABA-869E-499A-AA18-C7CBE165B52D}
		{406E0114-8ED7-48C2-B71A-897CD5FB09CC} = {2D35AB89-AF7C-404E-AFD2-58411F55019B}
		{E55DAA9A-1A3E-427F-A06E-C782A4BBD055} = {2D35AB89-AF7C-404E-AFD2-58411F55019B}
		{75BD02E7-4AF4-4A2B-B8CE-93761EB0D55E} = {2D35AB89-AF7C-404E-AFD2-58411F55019B}
		{7E9842EB-CCE7-4E6F-8038-A8D386060D2E} = {9210CAC2-343A-4C04-AC57-7C079B7AEDB3}
		{77990AED-C1E4-4438-9033-247E363B64E4} = {9210CAC2-343A-4C04-AC57-7C079B7AEDB3}
		{71DD5A11-EC6F-4504-9F50-609C194C41A9} = {9210CAC2-343A-4C04-AC57-7C079B7AEDB3}
		{6DF0D81C-B523-4267-A878-33E85E76E286} = {62D81741-2312-49F7-BBE1-15B2B6D4AA73}
		{A1879C3A-43BD-4A20-B14E-F6785F38CC3E} = {62D81741-2312-49F7-BBE1-15B2B6D4AA73}
		{8F83B108-F1F0-42E6-9358-DDC3327F6A64} = {62D81741-2312-49F7-BBE1-15B2B6D4AA73}
	EndGlobalSection
	GlobalSection(ExtensibilityGlobals) = postSolution
		SolutionGuid = {A648CBA6-9B96-422C-B18B-B3EC5C1B5681}
	EndGlobalSection
EndGlobal
